
Microsoft Visual Studio Solution File, Format Version 12.00
# Visual Studio Version 17
VisualStudioVersion = 17.9.34728.123
MinimumVisualStudioVersion = 10.0.40219.1
Project("{9A19103F-16F7-4668-BE54-9A1E7A4F7556}") = "BaseApi", "TestAPI\BaseApi.csproj", "{1EF52B86-80D9-42E8-88E0-64CEC4A066CC}"
EndProject
Project("{9A19103F-16F7-4668-BE54-9A1E7A4F7556}") = "BaseAppPerla", "BaseAppPerla\BaseAppPerla.csproj", "{4A6E4C23-6332-4584-8AA5-227D642219B7}"
EndProject
Global
	GlobalSection(SolutionConfigurationPlatforms) = preSolution
		Debug|Any CPU = Debug|Any CPU
		Release|Any CPU = Release|Any CPU
	EndGlobalSection
	GlobalSection(ProjectConfigurationPlatforms) = postSolution
		{1EF52B86-80D9-42E8-88E0-64CEC4A066CC}.Debug|Any CPU.ActiveCfg = Debug|Any CPU
		{1EF52B86-80D9-42E8-88E0-64CEC4A066CC}.Debug|Any CPU.Build.0 = Debug|Any CPU
		{1EF52B86-80D9-42E8-88E0-64CEC4A066CC}.Release|Any CPU.ActiveCfg = Release|Any CPU
		{1EF52B86-80D9-42E8-88E0-64CEC4A066CC}.Release|Any CPU.Build.0 = Release|Any CPU
		{4A6E4C23-6332-4584-8AA5-227D642219B7}.Debug|Any CPU.ActiveCfg = Debug|Any CPU
		{4A6E4C23-6332-4584-8AA5-227D642219B7}.Debug|Any CPU.Build.0 = Debug|Any CPU
		{4A6E4C23-6332-4584-8AA5-227D642219B7}.Debug|Any CPU.Deploy.0 = Debug|Any CPU
		{4A6E4C23-6332-4584-8AA5-227D642219B7}.Release|Any CPU.ActiveCfg = Release|Any CPU
		{4A6E4C23-6332-4584-8AA5-227D642219B7}.Release|Any CPU.Build.0 = Release|Any CPU
		{4A6E4C23-6332-4584-8AA5-227D642219B7}.Release|Any CPU.Deploy.0 = Release|Any CPU
	EndGlobalSection
	GlobalSection(SolutionProperties) = preSolution
		HideSolutionNode = FALSE
	EndGlobalSection
	GlobalSection(ExtensibilityGlobals) = postSolution
		SolutionGuid = {E3A6064B-48B3-48DA-BCFE-21BF498F0A97}
	EndGlobalSection
EndGlobal
